
Microsoft Visual Studio Solution File, Format Version 12.00
# Visual Studio Version 17
VisualStudioVersion = 17.6.33801.468
MinimumVisualStudioVersion = 10.0.40219.1
Project("{FAE04EC0-301F-11D3-BF4B-00C04F79EFBC}") = "OsaGo", "OsaGo\OsaGo.csproj", "{79AC20E4-E95A-4333-9A01-B15D271ED702}"
EndProject
Global
	GlobalSection(SolutionConfigurationPlatforms) = preSolution
		Debug|Any CPU = Debug|Any CPU
		Release|Any CPU = Release|Any CPU
	EndGlobalSection
	GlobalSection(ProjectConfigurationPlatforms) = postSolution
		{79AC20E4-E95A-4333-9A01-B15D271ED702}.Debug|Any CPU.ActiveCfg = Debug|Any CPU
		{79AC20E4-E95A-4333-9A01-B15D271ED702}.Debug|Any CPU.Build.0 = Debug|Any CPU
		{79AC20E4-E95A-4333-9A01-B15D271ED702}.Release|Any CPU.ActiveCfg = Release|Any CPU
		{79AC20E4-E95A-4333-9A01-B15D271ED702}.Release|Any CPU.Build.0 = Release|Any CPU
	EndGlobalSection
	GlobalSection(SolutionProperties) = preSolution
		HideSolutionNode = FALSE
	EndGlobalSection
	GlobalSection(ExtensibilityGlobals) = postSolution
		SolutionGuid = {F0672E1B-62ED-4404-B19F-D330581F20C1}
	EndGlobalSection
EndGlobal
